PODS:
  - Flutter (1.0.0)
  - flutter_profile_card (0.0.1):
    - Flutter

DEPENDENCIES:
  - Flutter (from `Flutter`)
  - flutter_profile_card (from `.symlinks/plugins/flutter_profile_card/ios`)

EXTERNAL SOURCES:
  Flutter:
    :path: Flutter
  flutter_profile_card:
    :path: ".symlinks/plugins/flutter_profile_card/ios"

SPEC CHECKSUMS:
  Flutter: 0e3d915762c693b495b44d77113d4970485de6ec
  flutter_profile_card: 47002ab2ffe95a4c797085a0b81f471b7a133d39

PODFILE CHECKSUM: aafe91acc616949ddb318b77800a7f51bffa2a4c

COCOAPODS: 1.9.3
